
Microsoft Visual Studio Solution File, Format Version 12.00
# Visual Studio 15
VisualStudioVersion = 15.0.28010.2036
MinimumVisualStudioVersion = 10.0.40219.1
Project("{FAE04EC0-301F-11D3-BF4B-00C04F79EFBC}") = "BookManager", "BookManager\BookManager.csproj", "{B2D09E6D-938A-48B1-87DC-2286C533BBFD}"
EndProject
Project("{FAE04EC0-301F-11D3-BF4B-00C04F79EFBC}") = "frmAddBook", "frmAddBook\frmAddBook.csproj", "{A97E61FB-AFCD-42C4-9707-75E8E51AF1C4}"
EndProject
Project("{FAE04EC0-301F-11D3-BF4B-00C04F79EFBC}") = "Nunit_Example", "Nunit_Example\Nunit_Example.csproj", "{38D32922-74CC-4BB8-B95C-E5E2D3BB92C7}"
EndProject
Project("{2150E333-8FDC-42A3-9474-1A3956D46DE8}") = "Solution Items", "Solution Items", "{F1848526-5A28-476F-8FB9-8D497C654CC4}"
EndProject
Project("{FAE04EC0-301F-11D3-BF4B-00C04F79EFBC}") = "GUI", "WindowsFormsApp1\GUI.csproj", "{81147A00-5626-410C-8EF9-C4334DCA5E6B}"
EndProject
Global
	GlobalSection(SolutionConfigurationPlatforms) = preSolution
		Debug|Any CPU = Debug|Any CPU
		Release|Any CPU = Release|Any CPU
	EndGlobalSection
	GlobalSection(ProjectConfigurationPlatforms) = postSolution
		{B2D09E6D-938A-48B1-87DC-2286C533BBFD}.Debug|Any CPU.ActiveCfg = Debug|Any CPU
		{B2D09E6D-938A-48B1-87DC-2286C533BBFD}.Debug|Any CPU.Build.0 = Debug|Any CPU
		{B2D09E6D-938A-48B1-87DC-2286C533BBFD}.Release|Any CPU.ActiveCfg = Release|Any CPU
		{B2D09E6D-938A-48B1-87DC-2286C533BBFD}.Release|Any CPU.Build.0 = Release|Any CPU
		{A97E61FB-AFCD-42C4-9707-75E8E51AF1C4}.Debug|Any CPU.ActiveCfg = Debug|Any CPU
		{A97E61FB-AFCD-42C4-9707-75E8E51AF1C4}.Debug|Any CPU.Build.0 = Debug|Any CPU
		{A97E61FB-AFCD-42C4-9707-75E8E51AF1C4}.Release|Any CPU.ActiveCfg = Release|Any CPU
		{A97E61FB-AFCD-42C4-9707-75E8E51AF1C4}.Release|Any CPU.Build.0 = Release|Any CPU
		{38D32922-74CC-4BB8-B95C-E5E2D3BB92C7}.Debug|Any CPU.ActiveCfg = Debug|Any CPU
		{38D32922-74CC-4BB8-B95C-E5E2D3BB92C7}.Debug|Any CPU.Build.0 = Debug|Any CPU
		{38D32922-74CC-4BB8-B95C-E5E2D3BB92C7}.Release|Any CPU.ActiveCfg = Release|Any CPU
		{38D32922-74CC-4BB8-B95C-E5E2D3BB92C7}.Release|Any CPU.Build.0 = Release|Any CPU
		{81147A00-5626-410C-8EF9-C4334DCA5E6B}.Debug|Any CPU.ActiveCfg = Debug|Any CPU
		{81147A00-5626-410C-8EF9-C4334DCA5E6B}.Debug|Any CPU.Build.0 = Debug|Any CPU
		{81147A00-5626-410C-8EF9-C4334DCA5E6B}.Release|Any CPU.ActiveCfg = Release|Any CPU
		{81147A00-5626-410C-8EF9-C4334DCA5E6B}.Release|Any CPU.Build.0 = Release|Any CPU
	EndGlobalSection
	GlobalSection(SolutionProperties) = preSolution
		HideSolutionNode = FALSE
	EndGlobalSection
	GlobalSection(ExtensibilityGlobals) = postSolution
		SolutionGuid = {26B8493D-B76F-49F8-AE17-43A9583637F9}
	EndGlobalSection
EndGlobal
